
Microsoft Visual Studio Solution File, Format Version 12.00
# Visual Studio Version 17
VisualStudioVersion = 17.13.35818.85 d17.13
MinimumVisualStudioVersion = 10.0.40219.1
Project("{54A90642-561A-4BB1-A94E-469ADEE60C69}") = "carrental.client", "carrental.client\carrental.client.esproj", "{D3FB31CE-C2C2-7AF9-E010-09FA3C0B2F76}"
EndProject
Project("{FAE04EC0-301F-11D3-BF4B-00C04F79EFBC}") = "CarRental.Server", "CarRental.Server\CarRental.Server.csproj", "{B9F9778E-B046-41D9-9AC3-BE0F5A509EF1}"
EndProject
Global
	GlobalSection(SolutionConfigurationPlatforms) = preSolution
		Debug|Any CPU = Debug|Any CPU
		Release|Any CPU = Release|Any CPU
	EndGlobalSection
	GlobalSection(ProjectConfigurationPlatforms) = postSolution
		{D3FB31CE-C2C2-7AF9-E010-09FA3C0B2F76}.Debug|Any CPU.ActiveCfg = Debug|Any CPU
		{D3FB31CE-C2C2-7AF9-E010-09FA3C0B2F76}.Debug|Any CPU.Build.0 = Debug|Any CPU
		{D3FB31CE-C2C2-7AF9-E010-09FA3C0B2F76}.Debug|Any CPU.Deploy.0 = Debug|Any CPU
		{D3FB31CE-C2C2-7AF9-E010-09FA3C0B2F76}.Release|Any CPU.ActiveCfg = Release|Any CPU
		{D3FB31CE-C2C2-7AF9-E010-09FA3C0B2F76}.Release|Any CPU.Build.0 = Release|Any CPU
		{D3FB31CE-C2C2-7AF9-E010-09FA3C0B2F76}.Release|Any CPU.Deploy.0 = Release|Any CPU
		{B9F9778E-B046-41D9-9AC3-BE0F5A509EF1}.Debug|Any CPU.ActiveCfg = Debug|Any CPU
		{B9F9778E-B046-41D9-9AC3-BE0F5A509EF1}.Debug|Any CPU.Build.0 = Debug|Any CPU
		{B9F9778E-B046-41D9-9AC3-BE0F5A509EF1}.Release|Any CPU.ActiveCfg = Release|Any CPU
		{B9F9778E-B046-41D9-9AC3-BE0F5A509EF1}.Release|Any CPU.Build.0 = Release|Any CPU
	EndGlobalSection
	GlobalSection(SolutionProperties) = preSolution
		HideSolutionNode = FALSE
	EndGlobalSection
	GlobalSection(ExtensibilityGlobals) = postSolution
		SolutionGuid = {35152265-6D9A-4A78-9E0E-C6AEC9CECAC2}
	EndGlobalSection
EndGlobal
